
Microsoft Visual Studio Solution File, Format Version 12.00
Project("{FAE04EC0-301F-11D3-BF4B-00C04F79EFBC}") = "ShopDemo.Domain", "ShopDemo.Domain\ShopDemo.Domain.csproj", "{E406275A-EA40-4410-91CD-0C0451274EF6}"
EndProject
Project("{FAE04EC0-301F-11D3-BF4B-00C04F79EFBC}") = "ShopDemo.Application", "ShopDemo.Application\ShopDemo.Application.csproj", "{4B1AE593-A96C-4181-A0FA-B2E4374A91FE}"
EndProject
Project("{FAE04EC0-301F-11D3-BF4B-00C04F79EFBC}") = "ShopDemo.Infrastructure", "ShopDemo.Infrastructure\ShopDemo.Infrastructure.csproj", "{EA2AE024-9D4E-4481-A8CE-D0549FAB5AA6}"
EndProject
Project("{FAE04EC0-301F-11D3-BF4B-00C04F79EFBC}") = "ShopDemo.API", "ShopDemo.API\ShopDemo.API.csproj", "{7CD2049E-F03B-4E29-91D5-47F8F353AB15}"
EndProject
Project("{FAE04EC0-301F-11D3-BF4B-00C04F79EFBC}") = "ShopDemo.Identity", "ShopDemo.Identity\ShopDemo.Identity.csproj", "{FA58B79B-9702-44FE-9007-AE39CD6662D8}"
EndProject
Global
	GlobalSection(SolutionConfigurationPlatforms) = preSolution
		Debug|Any CPU = Debug|Any CPU
		Release|Any CPU = Release|Any CPU
	EndGlobalSection
	GlobalSection(ProjectConfigurationPlatforms) = postSolution
		{E406275A-EA40-4410-91CD-0C0451274EF6}.Debug|Any CPU.ActiveCfg = Debug|Any CPU
		{E406275A-EA40-4410-91CD-0C0451274EF6}.Debug|Any CPU.Build.0 = Debug|Any CPU
		{E406275A-EA40-4410-91CD-0C0451274EF6}.Release|Any CPU.ActiveCfg = Release|Any CPU
		{E406275A-EA40-4410-91CD-0C0451274EF6}.Release|Any CPU.Build.0 = Release|Any CPU
		{4B1AE593-A96C-4181-A0FA-B2E4374A91FE}.Debug|Any CPU.ActiveCfg = Debug|Any CPU
		{4B1AE593-A96C-4181-A0FA-B2E4374A91FE}.Debug|Any CPU.Build.0 = Debug|Any CPU
		{4B1AE593-A96C-4181-A0FA-B2E4374A91FE}.Release|Any CPU.ActiveCfg = Release|Any CPU
		{4B1AE593-A96C-4181-A0FA-B2E4374A91FE}.Release|Any CPU.Build.0 = Release|Any CPU
		{EA2AE024-9D4E-4481-A8CE-D0549FAB5AA6}.Debug|Any CPU.ActiveCfg = Debug|Any CPU
		{EA2AE024-9D4E-4481-A8CE-D0549FAB5AA6}.Debug|Any CPU.Build.0 = Debug|Any CPU
		{EA2AE024-9D4E-4481-A8CE-D0549FAB5AA6}.Release|Any CPU.ActiveCfg = Release|Any CPU
		{EA2AE024-9D4E-4481-A8CE-D0549FAB5AA6}.Release|Any CPU.Build.0 = Release|Any CPU
		{7CD2049E-F03B-4E29-91D5-47F8F353AB15}.Debug|Any CPU.ActiveCfg = Debug|Any CPU
		{7CD2049E-F03B-4E29-91D5-47F8F353AB15}.Debug|Any CPU.Build.0 = Debug|Any CPU
		{7CD2049E-F03B-4E29-91D5-47F8F353AB15}.Release|Any CPU.ActiveCfg = Release|Any CPU
		{7CD2049E-F03B-4E29-91D5-47F8F353AB15}.Release|Any CPU.Build.0 = Release|Any CPU
		{FA58B79B-9702-44FE-9007-AE39CD6662D8}.Debug|Any CPU.ActiveCfg = Debug|Any CPU
		{FA58B79B-9702-44FE-9007-AE39CD6662D8}.Debug|Any CPU.Build.0 = Debug|Any CPU
		{FA58B79B-9702-44FE-9007-AE39CD6662D8}.Release|Any CPU.ActiveCfg = Release|Any CPU
		{FA58B79B-9702-44FE-9007-AE39CD6662D8}.Release|Any CPU.Build.0 = Release|Any CPU
	EndGlobalSection
EndGlobal
